
Microsoft Visual Studio Solution File, Format Version 12.00
# Visual Studio Version 17
VisualStudioVersion = 17.11.35312.102
MinimumVisualStudioVersion = 10.0.40219.1
Project("{FAE04EC0-301F-11D3-BF4B-00C04F79EFBC}") = "demo1111", "demo1111.csproj", "{676074FA-2053-4F52-9280-7CBC7AB7C67B}"
EndProject
Global
	GlobalSection(SolutionConfigurationPlatforms) = preSolution
		Debug|Any CPU = Debug|Any CPU
		Release|Any CPU = Release|Any CPU
	EndGlobalSection
	GlobalSection(ProjectConfigurationPlatforms) = postSolution
		{676074FA-2053-4F52-9280-7CBC7AB7C67B}.Debug|Any CPU.ActiveCfg = Debug|Any CPU
		{676074FA-2053-4F52-9280-7CBC7AB7C67B}.Debug|Any CPU.Build.0 = Debug|Any CPU
		{676074FA-2053-4F52-9280-7CBC7AB7C67B}.Release|Any CPU.ActiveCfg = Release|Any CPU
		{676074FA-2053-4F52-9280-7CBC7AB7C67B}.Release|Any CPU.Build.0 = Release|Any CPU
	EndGlobalSection
	GlobalSection(SolutionProperties) = preSolution
		HideSolutionNode = FALSE
	EndGlobalSection
	GlobalSection(ExtensibilityGlobals) = postSolution
		SolutionGuid = {0784D780-BE9F-4254-98BC-2DD790988294}
	EndGlobalSection
EndGlobal
